// !$*UTF8*$!
{
	archiveVersion = 1;
	classes = {
	};
	objectVersion = 50;
	objects = {

/* Begin PBXBuildFile section */
		C80E460B216177440029A3A0 /* AppDelegate.swift in Sources */ = {isa = PBXBuildFile; fileRef = C80E460A216177440029A3A0 /* AppDelegate.swift */; };
		C80E460D216177440029A3A0 /* MarbleViewController.swift in Sources */ = {isa = PBXBuildFile; fileRef = C80E460C216177440029A3A0 /* MarbleViewController.swift */; };
		C80E4611216177440029A3A0 /* Assets.xcassets in Resources */ = {isa = PBXBuildFile; fileRef = C80E4610216177440029A3A0 /* Assets.xcassets */; };
		C80E4614216177440029A3A0 /* Main.storyboard in Resources */ = {isa = PBXBuildFile; fileRef = C80E4612216177440029A3A0 /* Main.storyboard */; };
		C85EB5822168EC7E00B670B2 /* PerlinMesh.swift in Sources */ = {isa = PBXBuildFile; fileRef = C85EB5812168EC7E00B670B2 /* PerlinMesh.swift */; };
		C85EB58D2168F62D00B670B2 /* cell_meta.swift in Sources */ = {isa = PBXBuildFile; fileRef = C85EB5852168F62D00B670B2 /* cell_meta.swift */; };
		C85EB58E2168F62D00B670B2 /* compounds.swift in Sources */ = {isa = PBXBuildFile; fileRef = C85EB5872168F62D00B670B2 /* compounds.swift */; };
		C85EB58F2168F62D00B670B2 /* disk.swift in Sources */ = {isa = PBXBuildFile; fileRef = C85EB5882168F62D00B670B2 /* disk.swift */; };
		C85EB5902168F62D00B670B2 /* hash.swift in Sources */ = {isa = PBXBuildFile; fileRef = C85EB5892168F62D00B670B2 /* hash.swift */; };
		C85EB5912168F62D00B670B2 /* cell.swift in Sources */ = {isa = PBXBuildFile; fileRef = C85EB58A2168F62D00B670B2 /* cell.swift */; };
		C85EB5922168F62D00B670B2 /* noise.swift in Sources */ = {isa = PBXBuildFile; fileRef = C85EB58B2168F62D00B670B2 /* noise.swift */; };
		C85EB5932168F62D00B670B2 /* gradient.swift in Sources */ = {isa = PBXBuildFile; fileRef = C85EB58C2168F62D00B670B2 /* gradient.swift */; };
		C85EB59E216ABC7C00B670B2 /* ModelIO.framework in Frameworks */ = {isa = PBXBuildFile; fileRef = C85EB59D216ABC7C00B670B2 /* ModelIO.framework */; };
		C8757C71216BB88C00CDEC74 /* Vector.swift in Sources */ = {isa = PBXBuildFile; fileRef = C85EB59A216AB39D00B670B2 /* Vector.swift */; };
/* End PBXBuildFile section */

/* Begin PBXFileReference section */
		C80E4607216177440029A3A0 /* Marbles-Mac.app */ = {isa = PBXFileReference; explicitFileType = wrapper.application; includeInIndex = 0; path = "Marbles-Mac.app"; sourceTree = BUILT_PRODUCTS_DIR; };
		C80E460A216177440029A3A0 /* AppDelegate.swift */ = {isa = PBXFileReference; lastKnownFileType = sourcecode.swift; path = AppDelegate.swift; sourceTree = "<group>"; };
		C80E460C216177440029A3A0 /* MarbleViewController.swift */ = {isa = PBXFileReference; lastKnownFileType = sourcecode.swift; path = MarbleViewController.swift; sourceTree = "<group>"; };
		C80E4610216177440029A3A0 /* Assets.xcassets */ = {isa = PBXFileReference; lastKnownFileType = folder.assetcatalog; path = Assets.xcassets; sourceTree = "<group>"; };
		C80E4613216177440029A3A0 /* Base */ = {isa = PBXFileReference; lastKnownFileType = file.storyboard; name = Base; path = Base.lproj/Main.storyboard; sourceTree = "<group>"; };
		C80E4615216177440029A3A0 /* Info.plist */ = {isa = PBXFileReference; lastKnownFileType = text.plist.xml; path = Info.plist; sourceTree = "<group>"; };
		C80E4616216177440029A3A0 /* Marbles_Mac.entitlements */ = {isa = PBXFileReference; lastKnownFileType = text.plist.entitlements; path = Marbles_Mac.entitlements; sourceTree = "<group>"; };
		C85EB5812168EC7E00B670B2 /* PerlinMesh.swift */ = {isa = PBXFileReference; lastKnownFileType = sourcecode.swift; path = PerlinMesh.swift; sourceTree = "<group>"; };
		C85EB5852168F62D00B670B2 /* cell_meta.swift */ = {isa = PBXFileReference; fileEncoding = 4; lastKnownFileType = sourcecode.swift; path = cell_meta.swift; sourceTree = "<group>"; };
		C85EB5872168F62D00B670B2 /* compounds.swift */ = {isa = PBXFileReference; fileEncoding = 4; lastKnownFileType = sourcecode.swift; path = compounds.swift; sourceTree = "<group>"; };
		C85EB5882168F62D00B670B2 /* disk.swift */ = {isa = PBXFileReference; fileEncoding = 4; lastKnownFileType = sourcecode.swift; path = disk.swift; sourceTree = "<group>"; };
		C85EB5892168F62D00B670B2 /* hash.swift */ = {isa = PBXFileReference; fileEncoding = 4; lastKnownFileType = sourcecode.swift; path = hash.swift; sourceTree = "<group>"; };
		C85EB58A2168F62D00B670B2 /* cell.swift */ = {isa = PBXFileReference; fileEncoding = 4; lastKnownFileType = sourcecode.swift; path = cell.swift; sourceTree = "<group>"; };
		C85EB58B2168F62D00B670B2 /* noise.swift */ = {isa = PBXFileReference; fileEncoding = 4; lastKnownFileType = sourcecode.swift; path = noise.swift; sourceTree = "<group>"; };
		C85EB58C2168F62D00B670B2 /* gradient.swift */ = {isa = PBXFileReference; fileEncoding = 4; lastKnownFileType = sourcecode.swift; path = gradient.swift; sourceTree = "<group>"; };
		C85EB594216AB1BA00B670B2 /* IcoSphere.swift */ = {isa = PBXFileReference; lastKnownFileType = sourcecode.swift; name = IcoSphere.swift; path = "Marbles-Mac/IcoSphere.swift"; sourceTree = SOURCE_ROOT; };
		C85EB596216AB22900B670B2 /* Icosahedron.swift */ = {isa = PBXFileReference; lastKnownFileType = sourcecode.swift; path = Icosahedron.swift; sourceTree = "<group>"; };
		C85EB598216AB27300B670B2 /* Geometry.swift */ = {isa = PBXFileReference; lastKnownFileType = sourcecode.swift; path = Geometry.swift; sourceTree = "<group>"; };
		C85EB59A216AB39D00B670B2 /* Vector.swift */ = {isa = PBXFileReference; lastKnownFileType = sourcecode.swift; path = Vector.swift; sourceTree = "<group>"; };
		C85EB59D216ABC7C00B670B2 /* ModelIO.framework */ = {isa = PBXFileReference; lastKnownFileType = wrapper.framework; name = ModelIO.framework; path = System/Library/Frameworks/ModelIO.framework; sourceTree = SDKROOT; };
/* End PBXFileReference section */

/* Begin PBXFrameworksBuildPhase section */
		C80E4604216177440029A3A0 /* Frameworks */ = {
			isa = PBXFrameworksBuildPhase;
			buildActionMask = 2147483647;
			files = (
				C85EB59E216ABC7C00B670B2 /* ModelIO.framework in Frameworks */,
			);
			runOnlyForDeploymentPostprocessing = 0;
		};
/* End PBXFrameworksBuildPhase section */

/* Begin PBXGroup section */
		C80E45FE216177440029A3A0 = {
			isa = PBXGroup;
			children = (
				C80E4609216177440029A3A0 /* Marbles-Mac */,
				C80E4608216177440029A3A0 /* Products */,
				C85EB59C216ABC7B00B670B2 /* Frameworks */,
			);
			sourceTree = "<group>";
		};
		C80E4608216177440029A3A0 /* Products */ = {
			isa = PBXGroup;
			children = (
				C80E4607216177440029A3A0 /* Marbles-Mac.app */,
			);
			name = Products;
			sourceTree = "<group>";
		};
		C80E4609216177440029A3A0 /* Marbles-Mac */ = {
			isa = PBXGroup;
			children = (
				C85EB5832168F62D00B670B2 /* sources */,
				C80E460A216177440029A3A0 /* AppDelegate.swift */,
				C80E460C216177440029A3A0 /* MarbleViewController.swift */,
				C80E4610216177440029A3A0 /* Assets.xcassets */,
				C80E4612216177440029A3A0 /* Main.storyboard */,
				C80E4615216177440029A3A0 /* Info.plist */,
				C80E4616216177440029A3A0 /* Marbles_Mac.entitlements */,
				C85EB5812168EC7E00B670B2 /* PerlinMesh.swift */,
				C85EB596216AB22900B670B2 /* Icosahedron.swift */,
				C85EB598216AB27300B670B2 /* Geometry.swift */,
				C85EB59A216AB39D00B670B2 /* Vector.swift */,
				C85EB594216AB1BA00B670B2 /* IcoSphere.swift */,
			);
			path = "Marbles-Mac";
			sourceTree = "<group>";
		};
		C85EB5832168F62D00B670B2 /* sources */ = {
			isa = PBXGroup;
			children = (
				C85EB5842168F62D00B670B2 /* meta */,
				C85EB5862168F62D00B670B2 /* noise */,
			);
			path = sources;
			sourceTree = "<group>";
		};
		C85EB5842168F62D00B670B2 /* meta */ = {
			isa = PBXGroup;
			children = (
				C85EB5852168F62D00B670B2 /* cell_meta.swift */,
			);
			path = meta;
			sourceTree = "<group>";
		};
		C85EB5862168F62D00B670B2 /* noise */ = {
			isa = PBXGroup;
			children = (
				C85EB5872168F62D00B670B2 /* compounds.swift */,
				C85EB5882168F62D00B670B2 /* disk.swift */,
				C85EB5892168F62D00B670B2 /* hash.swift */,
				C85EB58A2168F62D00B670B2 /* cell.swift */,
				C85EB58B2168F62D00B670B2 /* noise.swift */,
				C85EB58C2168F62D00B670B2 /* gradient.swift */,
			);
			path = noise;
			sourceTree = "<group>";
		};
		C85EB59C216ABC7B00B670B2 /* Frameworks */ = {
			isa = PBXGroup;
			children = (
				C85EB59D216ABC7C00B670B2 /* ModelIO.framework */,
			);
			name = Frameworks;
			sourceTree = "<group>";
		};
/* End PBXGroup section */

/* Begin PBXNativeTarget section */
		C80E4606216177440029A3A0 /* Marbles-Mac */ = {
			isa = PBXNativeTarget;
			buildConfigurationList = C80E4619216177440029A3A0 /* Build configuration list for PBXNativeTarget "Marbles-Mac" */;
			buildPhases = (
				C80E4603216177440029A3A0 /* Sources */,
				C80E4604216177440029A3A0 /* Frameworks */,
				C80E4605216177440029A3A0 /* Resources */,
			);
			buildRules = (
			);
			dependencies = (
			);
			name = "Marbles-Mac";
			productName = "Marbles-Mac";
			productReference = C80E4607216177440029A3A0 /* Marbles-Mac.app */;
			productType = "com.apple.product-type.application";
		};
/* End PBXNativeTarget section */

/* Begin PBXProject section */
		C80E45FF216177440029A3A0 /* Project object */ = {
			isa = PBXProject;
			attributes = {
				LastSwiftUpdateCheck = 1000;
				LastUpgradeCheck = 1000;
				ORGANIZATIONNAME = cutting.io;
				TargetAttributes = {
					C80E4606216177440029A3A0 = {
						CreatedOnToolsVersion = 10.0;
					};
				};
			};
			buildConfigurationList = C80E4602216177440029A3A0 /* Build configuration list for PBXProject "Marbles-Mac" */;
			compatibilityVersion = "Xcode 9.3";
			developmentRegion = en;
			hasScannedForEncodings = 0;
			knownRegions = (
				en,
				Base,
			);
			mainGroup = C80E45FE216177440029A3A0;
			productRefGroup = C80E4608216177440029A3A0 /* Products */;
			projectDirPath = "";
			projectRoot = "";
			targets = (
				C80E4606216177440029A3A0 /* Marbles-Mac */,
			);
		};
/* End PBXProject section */

/* Begin PBXResourcesBuildPhase section */
		C80E4605216177440029A3A0 /* Resources */ = {
			isa = PBXResourcesBuildPhase;
			buildActionMask = 2147483647;
			files = (
				C80E4614216177440029A3A0 /* Main.storyboard in Resources */,
				C80E4611216177440029A3A0 /* Assets.xcassets in Resources */,
			);
			runOnlyForDeploymentPostprocessing = 0;
		};
/* End PBXResourcesBuildPhase section */

/* Begin PBXSourcesBuildPhase section */
		C80E4603216177440029A3A0 /* Sources */ = {
			isa = PBXSourcesBuildPhase;
			buildActionMask = 2147483647;
			files = (
				C85EB58E2168F62D00B670B2 /* compounds.swift in Sources */,
				C8757C71216BB88C00CDEC74 /* Vector.swift in Sources */,
				C85EB5822168EC7E00B670B2 /* PerlinMesh.swift in Sources */,
				C85EB58F2168F62D00B670B2 /* disk.swift in Sources */,
				C85EB58D2168F62D00B670B2 /* cell_meta.swift in Sources */,
				C85EB5922168F62D00B670B2 /* noise.swift in Sources */,
				C85EB5932168F62D00B670B2 /* gradient.swift in Sources */,
				C85EB5902168F62D00B670B2 /* hash.swift in Sources */,
				C85EB5912168F62D00B670B2 /* cell.swift in Sources */,
				C80E460D216177440029A3A0 /* MarbleViewController.swift in Sources */,
				C80E460B216177440029A3A0 /* AppDelegate.swift in Sources */,
			);
			runOnlyForDeploymentPostprocessing = 0;
		};
/* End PBXSourcesBuildPhase section */

/* Begin PBXVariantGroup section */
		C80E4612216177440029A3A0 /* Main.storyboard */ = {
			isa = PBXVariantGroup;
			children = (
				C80E4613216177440029A3A0 /* Base */,
			);
			name = Main.storyboard;
			sourceTree = "<group>";
		};
/* End PBXVariantGroup section */

/* Begin XCBuildConfiguration section */
		C80E4617216177440029A3A0 /* Debug */ = {
			isa = XCBuildConfiguration;
			buildSettings = {
				ALWAYS_SEARCH_USER_PATHS = NO;
				CLANG_ANALYZER_NONNULL = YES;
				CLANG_ANALYZER_NUMBER_OBJECT_CONVERSION = YES_AGGRESSIVE;
				CLANG_CXX_LANGUAGE_STANDARD = "gnu++14";
				CLANG_CXX_LIBRARY = "libc++";
				CLANG_ENABLE_MODULES = YES;
				CLANG_ENABLE_OBJC_ARC = YES;
				CLANG_ENABLE_OBJC_WEAK = YES;
				CLANG_WARN_BLOCK_CAPTURE_AUTORELEASING = YES;
				CLANG_WARN_BOOL_CONVERSION = YES;
				CLANG_WARN_COMMA = YES;
				CLANG_WARN_CONSTANT_CONVERSION = YES;
				CLANG_WARN_DEPRECATED_OBJC_IMPLEMENTATIONS = YES;
				CLANG_WARN_DIRECT_OBJC_ISA_USAGE = YES_ERROR;
				CLANG_WARN_DOCUMENTATION_COMMENTS = YES;
				CLANG_WARN_EMPTY_BODY = YES;
				CLANG_WARN_ENUM_CONVERSION = YES;
				CLANG_WARN_INFINITE_RECURSION = YES;
				CLANG_WARN_INT_CONVERSION = YES;
				CLANG_WARN_NON_LITERAL_NULL_CONVERSION = YES;
				CLANG_WARN_OBJC_IMPLICIT_RETAIN_SELF = YES;
				CLANG_WARN_OBJC_LITERAL_CONVERSION = YES;
				CLANG_WARN_OBJC_ROOT_CLASS = YES_ERROR;
				CLANG_WARN_RANGE_LOOP_ANALYSIS = YES;
				CLANG_WARN_STRICT_PROTOTYPES = YES;
				CLANG_WARN_SUSPICIOUS_MOVE = YES;
				CLANG_WARN_UNGUARDED_AVAILABILITY = YES_AGGRESSIVE;
				CLANG_WARN_UNREACHABLE_CODE = YES;
				CLANG_WARN__DUPLICATE_METHOD_MATCH = YES;
				CODE_SIGN_IDENTITY = "Mac Developer";
				COPY_PHASE_STRIP = NO;
				DEBUG_INFORMATION_FORMAT = dwarf;
				ENABLE_STRICT_OBJC_MSGSEND = YES;
				ENABLE_TESTABILITY = YES;
				GCC_C_LANGUAGE_STANDARD = gnu11;
				GCC_DYNAMIC_NO_PIC = NO;
				GCC_NO_COMMON_BLOCKS = YES;
				GCC_OPTIMIZATION_LEVEL = 0;
				GCC_PREPROCESSOR_DEFINITIONS = (
					"DEBUG=1",
					"$(inherited)",
				);
				GCC_WARN_64_TO_32_BIT_CONVERSION = YES;
				GCC_WARN_ABOUT_RETURN_TYPE = YES_ERROR;
				GCC_WARN_UNDECLARED_SELECTOR = YES;
				GCC_WARN_UNINITIALIZED_AUTOS = YES_AGGRESSIVE;
				GCC_WARN_UNUSED_FUNCTION = YES;
				GCC_WARN_UNUSED_VARIABLE = YES;
				MACOSX_DEPLOYMENT_TARGET = 10.14;
				MTL_ENABLE_DEBUG_INFO = INCLUDE_SOURCE;
				MTL_FAST_MATH = YES;
				ONLY_ACTIVE_ARCH = YES;
				SDKROOT = macosx;
				SWIFT_ACTIVE_COMPILATION_CONDITIONS = DEBUG;
				SWIFT_OPTIMIZATION_LEVEL = "-Onone";
			};
			name = Debug;
		};
		C80E4618216177440029A3A0 /* Release */ = {
			isa = XCBuildConfiguration;
			buildSettings = {
				ALWAYS_SEARCH_USER_PATHS = NO;
				CLANG_ANALYZER_NONNULL = YES;
				CLANG_ANALYZER_NUMBER_OBJECT_CONVERSION = YES_AGGRESSIVE;
				CLANG_CXX_LANGUAGE_STANDARD = "gnu++14";
				CLANG_CXX_LIBRARY = "libc++";
				CLANG_ENABLE_MODULES = YES;
				CLANG_ENABLE_OBJC_ARC = YES;
				CLANG_ENABLE_OBJC_WEAK = YES;
				CLANG_WARN_BLOCK_CAPTURE_AUTORELEASING = YES;
				CLANG_WARN_BOOL_CONVERSION = YES;
				CLANG_WARN_COMMA = YES;
				CLANG_WARN_CONSTANT_CONVERSION = YES;
				CLANG_WARN_DEPRECATED_OBJC_IMPLEMENTATIONS = YES;
				CLANG_WARN_DIRECT_OBJC_ISA_USAGE = YES_ERROR;
				CLANG_WARN_DOCUMENTATION_COMMENTS = YES;
				CLANG_WARN_EMPTY_BODY = YES;
				CLANG_WARN_ENUM_CONVERSION = YES;
				CLANG_WARN_INFINITE_RECURSION = YES;
				CLANG_WARN_INT_CONVERSION = YES;
				CLANG_WARN_NON_LITERAL_NULL_CONVERSION = YES;
				CLANG_WARN_OBJC_IMPLICIT_RETAIN_SELF = YES;
				CLANG_WARN_OBJC_LITERAL_CONVERSION = YES;
				CLANG_WARN_OBJC_ROOT_CLASS = YES_ERROR;
				CLANG_WARN_RANGE_LOOP_ANALYSIS = YES;
				CLANG_WARN_STRICT_PROTOTYPES = YES;
				CLANG_WARN_SUSPICIOUS_MOVE = YES;
				CLANG_WARN_UNGUARDED_AVAILABILITY = YES_AGGRESSIVE;
				CLANG_WARN_UNREACHABLE_CODE = YES;
				CLANG_WARN__DUPLICATE_METHOD_MATCH = YES;
				CODE_SIGN_IDENTITY = "Mac Developer";
				COPY_PHASE_STRIP = NO;
				DEBUG_INFORMATION_FORMAT = "dwarf-with-dsym";
				ENABLE_NS_ASSERTIONS = NO;
				ENABLE_STRICT_OBJC_MSGSEND = YES;
				GCC_C_LANGUAGE_STANDARD = gnu11;
				GCC_NO_COMMON_BLOCKS = YES;
				GCC_WARN_64_TO_32_BIT_CONVERSION = YES;
				GCC_WARN_ABOUT_RETURN_TYPE = YES_ERROR;
				GCC_WARN_UNDECLARED_SELECTOR = YES;
				GCC_WARN_UNINITIALIZED_AUTOS = YES_AGGRESSIVE;
				GCC_WARN_UNUSED_FUNCTION = YES;
				GCC_WARN_UNUSED_VARIABLE = YES;
				MACOSX_DEPLOYMENT_TARGET = 10.14;
				MTL_ENABLE_DEBUG_INFO = NO;
				MTL_FAST_MATH = YES;
				SDKROOT = macosx;
				SWIFT_COMPILATION_MODE = wholemodule;
				SWIFT_OPTIMIZATION_LEVEL = "-O";
			};
			name = Release;
		};
		C80E461A216177440029A3A0 /* Debug */ = {
			isa = XCBuildConfiguration;
			buildSettings = {
				ASSETCATALOG_COMPILER_APPICON_NAME = AppIcon;
				CODE_SIGN_ENTITLEMENTS = "Marbles-Mac/Marbles_Mac.entitlements";
				CODE_SIGN_STYLE = Automatic;
				COMBINE_HIDPI_IMAGES = YES;
				DEVELOPMENT_TEAM = 3H86HRS574;
				INFOPLIST_FILE = "Marbles-Mac/Info.plist";
				LD_RUNPATH_SEARCH_PATHS = (
					"$(inherited)",
					"@executable_path/../Frameworks",
				);
				PRODUCT_BUNDLE_IDENTIFIER = "io.cutting.Marbles-Mac";
				PRODUCT_NAME = "$(TARGET_NAME)";
				SWIFT_VERSION = 4.2;
			};
			name = Debug;
		};
		C80E461B216177440029A3A0 /* Release */ = {
			isa = XCBuildConfiguration;
			buildSettings = {
				ASSETCATALOG_COMPILER_APPICON_NAME = AppIcon;
				CODE_SIGN_ENTITLEMENTS = "Marbles-Mac/Marbles_Mac.entitlements";
				CODE_SIGN_STYLE = Automatic;
				COMBINE_HIDPI_IMAGES = YES;
				DEVELOPMENT_TEAM = 3H86HRS574;
				INFOPLIST_FILE = "Marbles-Mac/Info.plist";
				LD_RUNPATH_SEARCH_PATHS = (
					"$(inherited)",
					"@executable_path/../Frameworks",
				);
				PRODUCT_BUNDLE_IDENTIFIER = "io.cutting.Marbles-Mac";
				PRODUCT_NAME = "$(TARGET_NAME)";
				SWIFT_VERSION = 4.2;
			};
			name = Release;
		};
/* End XCBuildConfiguration section */

/* Begin XCConfigurationList section */
		C80E4602216177440029A3A0 /* Build configuration list for PBXProject "Marbles-Mac" */ = {
			isa = XCConfigurationList;
			buildConfigurations = (
				C80E4617216177440029A3A0 /* Debug */,
				C80E4618216177440029A3A0 /* Release */,
			);
			defaultConfigurationIsVisible = 0;
			defaultConfigurationName = Release;
		};
		C80E4619216177440029A3A0 /* Build configuration list for PBXNativeTarget "Marbles-Mac" */ = {
			isa = XCConfigurationList;
			buildConfigurations = (
				C80E461A216177440029A3A0 /* Debug */,
				C80E461B216177440029A3A0 /* Release */,
			);
			defaultConfigurationIsVisible = 0;
			defaultConfigurationName = Release;
		};
/* End XCConfigurationList section */
	};
	rootObject = C80E45FF216177440029A3A0 /* Project object */;
}
