// !$*UTF8*$!
{
	archiveVersion = 1;
	classes = {
	};
	objectVersion = 50;
	objects = {

/* Begin PBXBuildFile section */
		C8023EFC21A0514F00722CEF /* RidgedNoise.swift in Sources */ = {isa = PBXBuildFile; fileRef = C8023EFB21A0514F00722CEF /* RidgedNoise.swift */; };
		C8023EFE21A0517700722CEF /* Icosahedron.swift in Sources */ = {isa = PBXBuildFile; fileRef = C8023EFD21A0517700722CEF /* Icosahedron.swift */; };
		C8023F0021A0519500722CEF /* Marbles.swift in Sources */ = {isa = PBXBuildFile; fileRef = C8023EFF21A0519500722CEF /* Marbles.swift */; };
		C8023F0221A052F500722CEF /* Triangle.swift in Sources */ = {isa = PBXBuildFile; fileRef = C8023F0121A052F500722CEF /* Triangle.swift */; };
		C8023F0421A0557A00722CEF /* Scalars.swift in Sources */ = {isa = PBXBuildFile; fileRef = C8023F0321A0557A00722CEF /* Scalars.swift */; };
		C8027ED2218A631200A99020 /* Geometry.swift in Sources */ = {isa = PBXBuildFile; fileRef = C8027ED1218A631200A99020 /* Geometry.swift */; };
		C80E460B216177440029A3A0 /* AppDelegate.swift in Sources */ = {isa = PBXBuildFile; fileRef = C80E460A216177440029A3A0 /* AppDelegate.swift */; };
		C80E460D216177440029A3A0 /* MarbleViewController.swift in Sources */ = {isa = PBXBuildFile; fileRef = C80E460C216177440029A3A0 /* MarbleViewController.swift */; };
		C80E4611216177440029A3A0 /* Assets.xcassets in Resources */ = {isa = PBXBuildFile; fileRef = C80E4610216177440029A3A0 /* Assets.xcassets */; };
		C80E4614216177440029A3A0 /* Main.storyboard in Resources */ = {isa = PBXBuildFile; fileRef = C80E4612216177440029A3A0 /* Main.storyboard */; };
		C816FAD9218CAA9400839795 /* RingBuffer.swift in Sources */ = {isa = PBXBuildFile; fileRef = C816FAD8218CAA9400839795 /* RingBuffer.swift */; };
		C81EC314219F2BF70060F905 /* FBMGradient3D.swift in Sources */ = {isa = PBXBuildFile; fileRef = C81EC313219F2BF70060F905 /* FBMGradient3D.swift */; };
		C85B120221A2010900B4369C /* Planet.swift in Sources */ = {isa = PBXBuildFile; fileRef = C85B120121A2010900B4369C /* Planet.swift */; };
		C85B120421A22C3800B4369C /* PatchBuffer.swift in Sources */ = {isa = PBXBuildFile; fileRef = C85B120321A22C3800B4369C /* PatchBuffer.swift */; };
		C85B120621A2337000B4369C /* FBMCellular3D.swift in Sources */ = {isa = PBXBuildFile; fileRef = C85B120521A2337000B4369C /* FBMCellular3D.swift */; };
		C85EB58E2168F62D00B670B2 /* compounds.swift in Sources */ = {isa = PBXBuildFile; fileRef = C85EB5872168F62D00B670B2 /* compounds.swift */; };
		C85EB58F2168F62D00B670B2 /* disk.swift in Sources */ = {isa = PBXBuildFile; fileRef = C85EB5882168F62D00B670B2 /* disk.swift */; };
		C85EB5902168F62D00B670B2 /* hash.swift in Sources */ = {isa = PBXBuildFile; fileRef = C85EB5892168F62D00B670B2 /* hash.swift */; };
		C85EB5912168F62D00B670B2 /* cell.swift in Sources */ = {isa = PBXBuildFile; fileRef = C85EB58A2168F62D00B670B2 /* cell.swift */; };
		C85EB5922168F62D00B670B2 /* noise.swift in Sources */ = {isa = PBXBuildFile; fileRef = C85EB58B2168F62D00B670B2 /* noise.swift */; };
		C85EB5932168F62D00B670B2 /* gradient.swift in Sources */ = {isa = PBXBuildFile; fileRef = C85EB58C2168F62D00B670B2 /* gradient.swift */; };
		C85EB59E216ABC7C00B670B2 /* ModelIO.framework in Frameworks */ = {isa = PBXBuildFile; fileRef = C85EB59D216ABC7C00B670B2 /* ModelIO.framework */; };
		C8673C132196557900EC7CDD /* AppDelegate.swift in Sources */ = {isa = PBXBuildFile; fileRef = C8673C122196557900EC7CDD /* AppDelegate.swift */; };
		C8673C182196557900EC7CDD /* Main.storyboard in Resources */ = {isa = PBXBuildFile; fileRef = C8673C162196557900EC7CDD /* Main.storyboard */; };
		C8673C1D2196557A00EC7CDD /* LaunchScreen.storyboard in Resources */ = {isa = PBXBuildFile; fileRef = C8673C1B2196557A00EC7CDD /* LaunchScreen.storyboard */; };
		C8673C222196560300EC7CDD /* PlanetConfig.swift in Sources */ = {isa = PBXBuildFile; fileRef = C8AF7C35218DB97E0027B7E8 /* PlanetConfig.swift */; };
		C8673C232196560300EC7CDD /* Patch.swift in Sources */ = {isa = PBXBuildFile; fileRef = C8837A55218A16F100ABE455 /* Patch.swift */; };
		C8673C242196560300EC7CDD /* PatchCalculator.swift in Sources */ = {isa = PBXBuildFile; fileRef = C8837A5A218A172700ABE455 /* PatchCalculator.swift */; };
		C8673C252196560300EC7CDD /* PatchCache.swift in Sources */ = {isa = PBXBuildFile; fileRef = C8837A5C218A173F00ABE455 /* PatchCache.swift */; };
		C8673C262196560300EC7CDD /* RingBuffer.swift in Sources */ = {isa = PBXBuildFile; fileRef = C816FAD8218CAA9400839795 /* RingBuffer.swift */; };
		C8673C272196560300EC7CDD /* Geometry.swift in Sources */ = {isa = PBXBuildFile; fileRef = C8027ED1218A631200A99020 /* Geometry.swift */; };
		C8673C282196560300EC7CDD /* Vector.swift in Sources */ = {isa = PBXBuildFile; fileRef = C85EB59A216AB39D00B670B2 /* Vector.swift */; };
		C8673C292196561100EC7CDD /* cell_meta.swift in Sources */ = {isa = PBXBuildFile; fileRef = C85EB5852168F62D00B670B2 /* cell_meta.swift */; };
		C8673C2A2196561100EC7CDD /* compounds.swift in Sources */ = {isa = PBXBuildFile; fileRef = C85EB5872168F62D00B670B2 /* compounds.swift */; };
		C8673C2B2196561100EC7CDD /* disk.swift in Sources */ = {isa = PBXBuildFile; fileRef = C85EB5882168F62D00B670B2 /* disk.swift */; };
		C8673C2C2196561100EC7CDD /* hash.swift in Sources */ = {isa = PBXBuildFile; fileRef = C85EB5892168F62D00B670B2 /* hash.swift */; };
		C8673C2D2196561100EC7CDD /* cell.swift in Sources */ = {isa = PBXBuildFile; fileRef = C85EB58A2168F62D00B670B2 /* cell.swift */; };
		C8673C2E2196561100EC7CDD /* noise.swift in Sources */ = {isa = PBXBuildFile; fileRef = C85EB58B2168F62D00B670B2 /* noise.swift */; };
		C8673C2F2196561100EC7CDD /* gradient.swift in Sources */ = {isa = PBXBuildFile; fileRef = C85EB58C2168F62D00B670B2 /* gradient.swift */; };
		C8673C30219656E700EC7CDD /* Assets.xcassets in Resources */ = {isa = PBXBuildFile; fileRef = C80E4610216177440029A3A0 /* Assets.xcassets */; };
		C8757C71216BB88C00CDEC74 /* Vector.swift in Sources */ = {isa = PBXBuildFile; fileRef = C85EB59A216AB39D00B670B2 /* Vector.swift */; };
		C8837A56218A16F100ABE455 /* Patch.swift in Sources */ = {isa = PBXBuildFile; fileRef = C8837A55218A16F100ABE455 /* Patch.swift */; };
		C8837A5B218A172700ABE455 /* PatchCalculator.swift in Sources */ = {isa = PBXBuildFile; fileRef = C8837A5A218A172700ABE455 /* PatchCalculator.swift */; };
		C8837A5D218A173F00ABE455 /* PatchCache.swift in Sources */ = {isa = PBXBuildFile; fileRef = C8837A5C218A173F00ABE455 /* PatchCache.swift */; };
		C8AF7C36218DB97E0027B7E8 /* PlanetConfig.swift in Sources */ = {isa = PBXBuildFile; fileRef = C8AF7C35218DB97E0027B7E8 /* PlanetConfig.swift */; };
/* End PBXBuildFile section */

/* Begin PBXFileReference section */
		C8023EFB21A0514F00722CEF /* RidgedNoise.swift */ = {isa = PBXFileReference; lastKnownFileType = sourcecode.swift; path = RidgedNoise.swift; sourceTree = "<group>"; };
		C8023EFD21A0517700722CEF /* Icosahedron.swift */ = {isa = PBXFileReference; lastKnownFileType = sourcecode.swift; path = Icosahedron.swift; sourceTree = "<group>"; };
		C8023EFF21A0519500722CEF /* Marbles.swift */ = {isa = PBXFileReference; lastKnownFileType = sourcecode.swift; path = Marbles.swift; sourceTree = "<group>"; };
		C8023F0121A052F500722CEF /* Triangle.swift */ = {isa = PBXFileReference; lastKnownFileType = sourcecode.swift; path = Triangle.swift; sourceTree = "<group>"; };
		C8023F0321A0557A00722CEF /* Scalars.swift */ = {isa = PBXFileReference; lastKnownFileType = sourcecode.swift; path = Scalars.swift; sourceTree = "<group>"; };
		C8027ED1218A631200A99020 /* Geometry.swift */ = {isa = PBXFileReference; lastKnownFileType = sourcecode.swift; path = Geometry.swift; sourceTree = "<group>"; };
		C80E4607216177440029A3A0 /* Marbles-Mac.app */ = {isa = PBXFileReference; explicitFileType = wrapper.application; includeInIndex = 0; path = "Marbles-Mac.app"; sourceTree = BUILT_PRODUCTS_DIR; };
		C80E460A216177440029A3A0 /* AppDelegate.swift */ = {isa = PBXFileReference; lastKnownFileType = sourcecode.swift; path = AppDelegate.swift; sourceTree = "<group>"; };
		C80E460C216177440029A3A0 /* MarbleViewController.swift */ = {isa = PBXFileReference; lastKnownFileType = sourcecode.swift; path = MarbleViewController.swift; sourceTree = "<group>"; };
		C80E4610216177440029A3A0 /* Assets.xcassets */ = {isa = PBXFileReference; lastKnownFileType = folder.assetcatalog; path = Assets.xcassets; sourceTree = "<group>"; };
		C80E4613216177440029A3A0 /* Base */ = {isa = PBXFileReference; lastKnownFileType = file.storyboard; name = Base; path = Base.lproj/Main.storyboard; sourceTree = "<group>"; };
		C80E4615216177440029A3A0 /* Info.plist */ = {isa = PBXFileReference; lastKnownFileType = text.plist.xml; path = Info.plist; sourceTree = "<group>"; };
		C80E4616216177440029A3A0 /* Marbles_Mac.entitlements */ = {isa = PBXFileReference; lastKnownFileType = text.plist.entitlements; path = Marbles_Mac.entitlements; sourceTree = "<group>"; };
		C816FAD8218CAA9400839795 /* RingBuffer.swift */ = {isa = PBXFileReference; lastKnownFileType = sourcecode.swift; path = RingBuffer.swift; sourceTree = "<group>"; };
		C81EC313219F2BF70060F905 /* FBMGradient3D.swift */ = {isa = PBXFileReference; lastKnownFileType = sourcecode.swift; path = FBMGradient3D.swift; sourceTree = "<group>"; };
		C85B120121A2010900B4369C /* Planet.swift */ = {isa = PBXFileReference; lastKnownFileType = sourcecode.swift; path = Planet.swift; sourceTree = "<group>"; };
		C85B120321A22C3800B4369C /* PatchBuffer.swift */ = {isa = PBXFileReference; lastKnownFileType = sourcecode.swift; path = PatchBuffer.swift; sourceTree = "<group>"; };
		C85B120521A2337000B4369C /* FBMCellular3D.swift */ = {isa = PBXFileReference; fileEncoding = 4; lastKnownFileType = sourcecode.swift; path = FBMCellular3D.swift; sourceTree = "<group>"; };
		C85EB5852168F62D00B670B2 /* cell_meta.swift */ = {isa = PBXFileReference; fileEncoding = 4; lastKnownFileType = sourcecode.swift; path = cell_meta.swift; sourceTree = "<group>"; };
		C85EB5872168F62D00B670B2 /* compounds.swift */ = {isa = PBXFileReference; fileEncoding = 4; lastKnownFileType = sourcecode.swift; path = compounds.swift; sourceTree = "<group>"; };
		C85EB5882168F62D00B670B2 /* disk.swift */ = {isa = PBXFileReference; fileEncoding = 4; lastKnownFileType = sourcecode.swift; path = disk.swift; sourceTree = "<group>"; };
		C85EB5892168F62D00B670B2 /* hash.swift */ = {isa = PBXFileReference; fileEncoding = 4; lastKnownFileType = sourcecode.swift; path = hash.swift; sourceTree = "<group>"; };
		C85EB58A2168F62D00B670B2 /* cell.swift */ = {isa = PBXFileReference; fileEncoding = 4; lastKnownFileType = sourcecode.swift; path = cell.swift; sourceTree = "<group>"; };
		C85EB58B2168F62D00B670B2 /* noise.swift */ = {isa = PBXFileReference; fileEncoding = 4; lastKnownFileType = sourcecode.swift; path = noise.swift; sourceTree = "<group>"; };
		C85EB58C2168F62D00B670B2 /* gradient.swift */ = {isa = PBXFileReference; fileEncoding = 4; lastKnownFileType = sourcecode.swift; path = gradient.swift; sourceTree = "<group>"; };
		C85EB59A216AB39D00B670B2 /* Vector.swift */ = {isa = PBXFileReference; lastKnownFileType = sourcecode.swift; path = Vector.swift; sourceTree = "<group>"; };
		C85EB59D216ABC7C00B670B2 /* ModelIO.framework */ = {isa = PBXFileReference; lastKnownFileType = wrapper.framework; name = ModelIO.framework; path = System/Library/Frameworks/ModelIO.framework; sourceTree = SDKROOT; };
		C8673C102196557900EC7CDD /* Marbles-iOS.app */ = {isa = PBXFileReference; explicitFileType = wrapper.application; includeInIndex = 0; path = "Marbles-iOS.app"; sourceTree = BUILT_PRODUCTS_DIR; };
		C8673C122196557900EC7CDD /* AppDelegate.swift */ = {isa = PBXFileReference; lastKnownFileType = sourcecode.swift; path = AppDelegate.swift; sourceTree = "<group>"; };
		C8673C172196557900EC7CDD /* Base */ = {isa = PBXFileReference; lastKnownFileType = file.storyboard; name = Base; path = Base.lproj/Main.storyboard; sourceTree = "<group>"; };
		C8673C1C2196557A00EC7CDD /* Base */ = {isa = PBXFileReference; lastKnownFileType = file.storyboard; name = Base; path = Base.lproj/LaunchScreen.storyboard; sourceTree = "<group>"; };
		C8673C1E2196557A00EC7CDD /* Info.plist */ = {isa = PBXFileReference; lastKnownFileType = text.plist.xml; path = Info.plist; sourceTree = "<group>"; };
		C8837A55218A16F100ABE455 /* Patch.swift */ = {isa = PBXFileReference; lastKnownFileType = sourcecode.swift; path = Patch.swift; sourceTree = "<group>"; };
		C8837A5A218A172700ABE455 /* PatchCalculator.swift */ = {isa = PBXFileReference; fileEncoding = 4; lastKnownFileType = sourcecode.swift; path = PatchCalculator.swift; sourceTree = "<group>"; };
		C8837A5C218A173F00ABE455 /* PatchCache.swift */ = {isa = PBXFileReference; lastKnownFileType = sourcecode.swift; path = PatchCache.swift; sourceTree = "<group>"; };
		C8AF7C35218DB97E0027B7E8 /* PlanetConfig.swift */ = {isa = PBXFileReference; lastKnownFileType = sourcecode.swift; path = PlanetConfig.swift; sourceTree = "<group>"; };
/* End PBXFileReference section */

/* Begin PBXFrameworksBuildPhase section */
		C80E4604216177440029A3A0 /* Frameworks */ = {
			isa = PBXFrameworksBuildPhase;
			buildActionMask = 2147483647;
			files = (
				C85EB59E216ABC7C00B670B2 /* ModelIO.framework in Frameworks */,
			);
			runOnlyForDeploymentPostprocessing = 0;
		};
		C8673C0D2196557900EC7CDD /* Frameworks */ = {
			isa = PBXFrameworksBuildPhase;
			buildActionMask = 2147483647;
			files = (
			);
			runOnlyForDeploymentPostprocessing = 0;
		};
/* End PBXFrameworksBuildPhase section */

/* Begin PBXGroup section */
		C8027ED8218A7F7700A99020 /* Resources */ = {
			isa = PBXGroup;
			children = (
				C80E4610216177440029A3A0 /* Assets.xcassets */,
				C80E4612216177440029A3A0 /* Main.storyboard */,
				C80E4615216177440029A3A0 /* Info.plist */,
				C80E4616216177440029A3A0 /* Marbles_Mac.entitlements */,
			);
			path = Resources;
			sourceTree = "<group>";
		};
		C80E45FE216177440029A3A0 = {
			isa = PBXGroup;
			children = (
				C80E4609216177440029A3A0 /* Marbles-Mac */,
				C8673C112196557900EC7CDD /* Marbles-iOS */,
				C80E4608216177440029A3A0 /* Products */,
				C85EB59C216ABC7B00B670B2 /* Frameworks */,
			);
			sourceTree = "<group>";
		};
		C80E4608216177440029A3A0 /* Products */ = {
			isa = PBXGroup;
			children = (
				C80E4607216177440029A3A0 /* Marbles-Mac.app */,
				C8673C102196557900EC7CDD /* Marbles-iOS.app */,
			);
			name = Products;
			sourceTree = "<group>";
		};
		C80E4609216177440029A3A0 /* Marbles-Mac */ = {
			isa = PBXGroup;
			children = (
				C80E460A216177440029A3A0 /* AppDelegate.swift */,
				C80E460C216177440029A3A0 /* MarbleViewController.swift */,
				C85B120121A2010900B4369C /* Planet.swift */,
				C85B120321A22C3800B4369C /* PatchBuffer.swift */,
				C8837A5A218A172700ABE455 /* PatchCalculator.swift */,
				C8AF7C35218DB97E0027B7E8 /* PlanetConfig.swift */,
				C8023EFD21A0517700722CEF /* Icosahedron.swift */,
				C8023EFF21A0519500722CEF /* Marbles.swift */,
				C8023F0121A052F500722CEF /* Triangle.swift */,
				C8837A55218A16F100ABE455 /* Patch.swift */,
				C8837A5C218A173F00ABE455 /* PatchCache.swift */,
				C816FAD8218CAA9400839795 /* RingBuffer.swift */,
				C8027ED1218A631200A99020 /* Geometry.swift */,
				C85EB59A216AB39D00B670B2 /* Vector.swift */,
				C8023F0321A0557A00722CEF /* Scalars.swift */,
				C8023EFB21A0514F00722CEF /* RidgedNoise.swift */,
				C81EC313219F2BF70060F905 /* FBMGradient3D.swift */,
				C85B120521A2337000B4369C /* FBMCellular3D.swift */,
				C85EB5832168F62D00B670B2 /* noise */,
				C8027ED8218A7F7700A99020 /* Resources */,
			);
			path = "Marbles-Mac";
			sourceTree = "<group>";
		};
		C85EB5832168F62D00B670B2 /* noise */ = {
			isa = PBXGroup;
			children = (
				C85EB5842168F62D00B670B2 /* meta */,
				C85EB5862168F62D00B670B2 /* noise */,
			);
			path = noise;
			sourceTree = "<group>";
		};
		C85EB5842168F62D00B670B2 /* meta */ = {
			isa = PBXGroup;
			children = (
				C85EB5852168F62D00B670B2 /* cell_meta.swift */,
			);
			path = meta;
			sourceTree = "<group>";
		};
		C85EB5862168F62D00B670B2 /* noise */ = {
			isa = PBXGroup;
			children = (
				C85EB5872168F62D00B670B2 /* compounds.swift */,
				C85EB5882168F62D00B670B2 /* disk.swift */,
				C85EB5892168F62D00B670B2 /* hash.swift */,
				C85EB58A2168F62D00B670B2 /* cell.swift */,
				C85EB58B2168F62D00B670B2 /* noise.swift */,
				C85EB58C2168F62D00B670B2 /* gradient.swift */,
			);
			path = noise;
			sourceTree = "<group>";
		};
		C85EB59C216ABC7B00B670B2 /* Frameworks */ = {
			isa = PBXGroup;
			children = (
				C85EB59D216ABC7C00B670B2 /* ModelIO.framework */,
			);
			name = Frameworks;
			sourceTree = "<group>";
		};
		C8673C112196557900EC7CDD /* Marbles-iOS */ = {
			isa = PBXGroup;
			children = (
				C8673C122196557900EC7CDD /* AppDelegate.swift */,
				C8673C162196557900EC7CDD /* Main.storyboard */,
				C8673C1B2196557A00EC7CDD /* LaunchScreen.storyboard */,
				C8673C1E2196557A00EC7CDD /* Info.plist */,
			);
			path = "Marbles-iOS";
			sourceTree = "<group>";
		};
/* End PBXGroup section */

/* Begin PBXNativeTarget section */
		C80E4606216177440029A3A0 /* Marbles-Mac */ = {
			isa = PBXNativeTarget;
			buildConfigurationList = C80E4619216177440029A3A0 /* Build configuration list for PBXNativeTarget "Marbles-Mac" */;
			buildPhases = (
				C80E4603216177440029A3A0 /* Sources */,
				C80E4604216177440029A3A0 /* Frameworks */,
				C80E4605216177440029A3A0 /* Resources */,
			);
			buildRules = (
			);
			dependencies = (
			);
			name = "Marbles-Mac";
			productName = "Marbles-Mac";
			productReference = C80E4607216177440029A3A0 /* Marbles-Mac.app */;
			productType = "com.apple.product-type.application";
		};
		C8673C0F2196557900EC7CDD /* Marbles-iOS */ = {
			isa = PBXNativeTarget;
			buildConfigurationList = C8673C212196557A00EC7CDD /* Build configuration list for PBXNativeTarget "Marbles-iOS" */;
			buildPhases = (
				C8673C0C2196557900EC7CDD /* Sources */,
				C8673C0D2196557900EC7CDD /* Frameworks */,
				C8673C0E2196557900EC7CDD /* Resources */,
			);
			buildRules = (
			);
			dependencies = (
			);
			name = "Marbles-iOS";
			productName = "Marbles-iOS";
			productReference = C8673C102196557900EC7CDD /* Marbles-iOS.app */;
			productType = "com.apple.product-type.application";
		};
/* End PBXNativeTarget section */

/* Begin PBXProject section */
		C80E45FF216177440029A3A0 /* Project object */ = {
			isa = PBXProject;
			attributes = {
				LastSwiftUpdateCheck = 1010;
				LastUpgradeCheck = 1000;
				ORGANIZATIONNAME = cutting.io;
				TargetAttributes = {
					C80E4606216177440029A3A0 = {
						CreatedOnToolsVersion = 10.0;
						LastSwiftMigration = 1010;
					};
					C8673C0F2196557900EC7CDD = {
						CreatedOnToolsVersion = 10.1;
					};
				};
			};
			buildConfigurationList = C80E4602216177440029A3A0 /* Build configuration list for PBXProject "Marbles-Mac" */;
			compatibilityVersion = "Xcode 9.3";
			developmentRegion = en;
			hasScannedForEncodings = 0;
			knownRegions = (
				en,
				Base,
			);
			mainGroup = C80E45FE216177440029A3A0;
			productRefGroup = C80E4608216177440029A3A0 /* Products */;
			projectDirPath = "";
			projectRoot = "";
			targets = (
				C80E4606216177440029A3A0 /* Marbles-Mac */,
				C8673C0F2196557900EC7CDD /* Marbles-iOS */,
			);
		};
/* End PBXProject section */

/* Begin PBXResourcesBuildPhase section */
		C80E4605216177440029A3A0 /* Resources */ = {
			isa = PBXResourcesBuildPhase;
			buildActionMask = 2147483647;
			files = (
				C80E4614216177440029A3A0 /* Main.storyboard in Resources */,
				C80E4611216177440029A3A0 /* Assets.xcassets in Resources */,
			);
			runOnlyForDeploymentPostprocessing = 0;
		};
		C8673C0E2196557900EC7CDD /* Resources */ = {
			isa = PBXResourcesBuildPhase;
			buildActionMask = 2147483647;
			files = (
				C8673C1D2196557A00EC7CDD /* LaunchScreen.storyboard in Resources */,
				C8673C30219656E700EC7CDD /* Assets.xcassets in Resources */,
				C8673C182196557900EC7CDD /* Main.storyboard in Resources */,
			);
			runOnlyForDeploymentPostprocessing = 0;
		};
/* End PBXResourcesBuildPhase section */

/* Begin PBXSourcesBuildPhase section */
		C80E4603216177440029A3A0 /* Sources */ = {
			isa = PBXSourcesBuildPhase;
			buildActionMask = 2147483647;
			files = (
				C85EB58E2168F62D00B670B2 /* compounds.swift in Sources */,
				C8757C71216BB88C00CDEC74 /* Vector.swift in Sources */,
				C816FAD9218CAA9400839795 /* RingBuffer.swift in Sources */,
				C8AF7C36218DB97E0027B7E8 /* PlanetConfig.swift in Sources */,
				C8023F0421A0557A00722CEF /* Scalars.swift in Sources */,
				C85B120421A22C3800B4369C /* PatchBuffer.swift in Sources */,
				C85B120221A2010900B4369C /* Planet.swift in Sources */,
				C8837A56218A16F100ABE455 /* Patch.swift in Sources */,
				C8023EFE21A0517700722CEF /* Icosahedron.swift in Sources */,
				C8837A5B218A172700ABE455 /* PatchCalculator.swift in Sources */,
				C8023F0221A052F500722CEF /* Triangle.swift in Sources */,
				C8023F0021A0519500722CEF /* Marbles.swift in Sources */,
				C85EB58F2168F62D00B670B2 /* disk.swift in Sources */,
				C85EB5922168F62D00B670B2 /* noise.swift in Sources */,
				C85B120621A2337000B4369C /* FBMCellular3D.swift in Sources */,
				C85EB5932168F62D00B670B2 /* gradient.swift in Sources */,
				C85EB5902168F62D00B670B2 /* hash.swift in Sources */,
				C8027ED2218A631200A99020 /* Geometry.swift in Sources */,
				C85EB5912168F62D00B670B2 /* cell.swift in Sources */,
				C80E460D216177440029A3A0 /* MarbleViewController.swift in Sources */,
				C81EC314219F2BF70060F905 /* FBMGradient3D.swift in Sources */,
				C8023EFC21A0514F00722CEF /* RidgedNoise.swift in Sources */,
				C80E460B216177440029A3A0 /* AppDelegate.swift in Sources */,
				C8837A5D218A173F00ABE455 /* PatchCache.swift in Sources */,
			);
			runOnlyForDeploymentPostprocessing = 0;
		};
		C8673C0C2196557900EC7CDD /* Sources */ = {
			isa = PBXSourcesBuildPhase;
			buildActionMask = 2147483647;
			files = (
				C8673C242196560300EC7CDD /* PatchCalculator.swift in Sources */,
				C8673C252196560300EC7CDD /* PatchCache.swift in Sources */,
				C8673C292196561100EC7CDD /* cell_meta.swift in Sources */,
				C8673C222196560300EC7CDD /* PlanetConfig.swift in Sources */,
				C8673C2D2196561100EC7CDD /* cell.swift in Sources */,
				C8673C2A2196561100EC7CDD /* compounds.swift in Sources */,
				C8673C2F2196561100EC7CDD /* gradient.swift in Sources */,
				C8673C232196560300EC7CDD /* Patch.swift in Sources */,
				C8673C272196560300EC7CDD /* Geometry.swift in Sources */,
				C8673C2B2196561100EC7CDD /* disk.swift in Sources */,
				C8673C2E2196561100EC7CDD /* noise.swift in Sources */,
				C8673C2C2196561100EC7CDD /* hash.swift in Sources */,
				C8673C262196560300EC7CDD /* RingBuffer.swift in Sources */,
				C8673C282196560300EC7CDD /* Vector.swift in Sources */,
				C8673C132196557900EC7CDD /* AppDelegate.swift in Sources */,
			);
			runOnlyForDeploymentPostprocessing = 0;
		};
/* End PBXSourcesBuildPhase section */

/* Begin PBXVariantGroup section */
		C80E4612216177440029A3A0 /* Main.storyboard */ = {
			isa = PBXVariantGroup;
			children = (
				C80E4613216177440029A3A0 /* Base */,
			);
			name = Main.storyboard;
			sourceTree = "<group>";
		};
		C8673C162196557900EC7CDD /* Main.storyboard */ = {
			isa = PBXVariantGroup;
			children = (
				C8673C172196557900EC7CDD /* Base */,
			);
			name = Main.storyboard;
			sourceTree = "<group>";
		};
		C8673C1B2196557A00EC7CDD /* LaunchScreen.storyboard */ = {
			isa = PBXVariantGroup;
			children = (
				C8673C1C2196557A00EC7CDD /* Base */,
			);
			name = LaunchScreen.storyboard;
			sourceTree = "<group>";
		};
/* End PBXVariantGroup section */

/* Begin XCBuildConfiguration section */
		C80E4617216177440029A3A0 /* Debug */ = {
			isa = XCBuildConfiguration;
			buildSettings = {
				ALWAYS_SEARCH_USER_PATHS = NO;
				CLANG_ANALYZER_NONNULL = YES;
				CLANG_ANALYZER_NUMBER_OBJECT_CONVERSION = YES_AGGRESSIVE;
				CLANG_CXX_LANGUAGE_STANDARD = "gnu++14";
				CLANG_CXX_LIBRARY = "libc++";
				CLANG_ENABLE_MODULES = YES;
				CLANG_ENABLE_OBJC_ARC = YES;
				CLANG_ENABLE_OBJC_WEAK = YES;
				CLANG_WARN_BLOCK_CAPTURE_AUTORELEASING = YES;
				CLANG_WARN_BOOL_CONVERSION = YES;
				CLANG_WARN_COMMA = YES;
				CLANG_WARN_CONSTANT_CONVERSION = YES;
				CLANG_WARN_DEPRECATED_OBJC_IMPLEMENTATIONS = YES;
				CLANG_WARN_DIRECT_OBJC_ISA_USAGE = YES_ERROR;
				CLANG_WARN_DOCUMENTATION_COMMENTS = YES;
				CLANG_WARN_EMPTY_BODY = YES;
				CLANG_WARN_ENUM_CONVERSION = YES;
				CLANG_WARN_INFINITE_RECURSION = YES;
				CLANG_WARN_INT_CONVERSION = YES;
				CLANG_WARN_NON_LITERAL_NULL_CONVERSION = YES;
				CLANG_WARN_OBJC_IMPLICIT_RETAIN_SELF = YES;
				CLANG_WARN_OBJC_LITERAL_CONVERSION = YES;
				CLANG_WARN_OBJC_ROOT_CLASS = YES_ERROR;
				CLANG_WARN_RANGE_LOOP_ANALYSIS = YES;
				CLANG_WARN_STRICT_PROTOTYPES = YES;
				CLANG_WARN_SUSPICIOUS_MOVE = YES;
				CLANG_WARN_UNGUARDED_AVAILABILITY = YES_AGGRESSIVE;
				CLANG_WARN_UNREACHABLE_CODE = YES;
				CLANG_WARN__DUPLICATE_METHOD_MATCH = YES;
				CODE_SIGN_IDENTITY = "Mac Developer";
				COPY_PHASE_STRIP = NO;
				DEBUG_INFORMATION_FORMAT = dwarf;
				ENABLE_STRICT_OBJC_MSGSEND = YES;
				ENABLE_TESTABILITY = YES;
				GCC_C_LANGUAGE_STANDARD = gnu11;
				GCC_DYNAMIC_NO_PIC = NO;
				GCC_NO_COMMON_BLOCKS = YES;
				GCC_OPTIMIZATION_LEVEL = 0;
				GCC_PREPROCESSOR_DEFINITIONS = (
					"DEBUG=1",
					"$(inherited)",
				);
				GCC_WARN_64_TO_32_BIT_CONVERSION = YES;
				GCC_WARN_ABOUT_RETURN_TYPE = YES_ERROR;
				GCC_WARN_UNDECLARED_SELECTOR = YES;
				GCC_WARN_UNINITIALIZED_AUTOS = YES_AGGRESSIVE;
				GCC_WARN_UNUSED_FUNCTION = YES;
				GCC_WARN_UNUSED_VARIABLE = YES;
				MACOSX_DEPLOYMENT_TARGET = 10.14;
				MTL_ENABLE_DEBUG_INFO = INCLUDE_SOURCE;
				MTL_FAST_MATH = YES;
				ONLY_ACTIVE_ARCH = YES;
				SDKROOT = macosx;
				SWIFT_ACTIVE_COMPILATION_CONDITIONS = DEBUG;
				SWIFT_OPTIMIZATION_LEVEL = "-Onone";
			};
			name = Debug;
		};
		C80E4618216177440029A3A0 /* Release */ = {
			isa = XCBuildConfiguration;
			buildSettings = {
				ALWAYS_SEARCH_USER_PATHS = NO;
				CLANG_ANALYZER_NONNULL = YES;
				CLANG_ANALYZER_NUMBER_OBJECT_CONVERSION = YES_AGGRESSIVE;
				CLANG_CXX_LANGUAGE_STANDARD = "gnu++14";
				CLANG_CXX_LIBRARY = "libc++";
				CLANG_ENABLE_MODULES = YES;
				CLANG_ENABLE_OBJC_ARC = YES;
				CLANG_ENABLE_OBJC_WEAK = YES;
				CLANG_WARN_BLOCK_CAPTURE_AUTORELEASING = YES;
				CLANG_WARN_BOOL_CONVERSION = YES;
				CLANG_WARN_COMMA = YES;
				CLANG_WARN_CONSTANT_CONVERSION = YES;
				CLANG_WARN_DEPRECATED_OBJC_IMPLEMENTATIONS = YES;
				CLANG_WARN_DIRECT_OBJC_ISA_USAGE = YES_ERROR;
				CLANG_WARN_DOCUMENTATION_COMMENTS = YES;
				CLANG_WARN_EMPTY_BODY = YES;
				CLANG_WARN_ENUM_CONVERSION = YES;
				CLANG_WARN_INFINITE_RECURSION = YES;
				CLANG_WARN_INT_CONVERSION = YES;
				CLANG_WARN_NON_LITERAL_NULL_CONVERSION = YES;
				CLANG_WARN_OBJC_IMPLICIT_RETAIN_SELF = YES;
				CLANG_WARN_OBJC_LITERAL_CONVERSION = YES;
				CLANG_WARN_OBJC_ROOT_CLASS = YES_ERROR;
				CLANG_WARN_RANGE_LOOP_ANALYSIS = YES;
				CLANG_WARN_STRICT_PROTOTYPES = YES;
				CLANG_WARN_SUSPICIOUS_MOVE = YES;
				CLANG_WARN_UNGUARDED_AVAILABILITY = YES_AGGRESSIVE;
				CLANG_WARN_UNREACHABLE_CODE = YES;
				CLANG_WARN__DUPLICATE_METHOD_MATCH = YES;
				CODE_SIGN_IDENTITY = "Mac Developer";
				COPY_PHASE_STRIP = NO;
				DEBUG_INFORMATION_FORMAT = "dwarf-with-dsym";
				ENABLE_NS_ASSERTIONS = NO;
				ENABLE_STRICT_OBJC_MSGSEND = YES;
				GCC_C_LANGUAGE_STANDARD = gnu11;
				GCC_NO_COMMON_BLOCKS = YES;
				GCC_OPTIMIZATION_LEVEL = fast;
				GCC_WARN_64_TO_32_BIT_CONVERSION = YES;
				GCC_WARN_ABOUT_RETURN_TYPE = YES_ERROR;
				GCC_WARN_UNDECLARED_SELECTOR = YES;
				GCC_WARN_UNINITIALIZED_AUTOS = YES_AGGRESSIVE;
				GCC_WARN_UNUSED_FUNCTION = YES;
				GCC_WARN_UNUSED_VARIABLE = YES;
				MACOSX_DEPLOYMENT_TARGET = 10.14;
				MTL_ENABLE_DEBUG_INFO = NO;
				MTL_FAST_MATH = YES;
				SDKROOT = macosx;
				SWIFT_COMPILATION_MODE = wholemodule;
				SWIFT_OPTIMIZATION_LEVEL = "-O";
			};
			name = Release;
		};
		C80E461A216177440029A3A0 /* Debug */ = {
			isa = XCBuildConfiguration;
			buildSettings = {
				ASSETCATALOG_COMPILER_APPICON_NAME = AppIcon;
				CLANG_ENABLE_MODULES = YES;
				CODE_SIGN_ENTITLEMENTS = "Marbles-Mac/Resources/Marbles_Mac.entitlements";
				CODE_SIGN_STYLE = Automatic;
				COMBINE_HIDPI_IMAGES = YES;
				DEVELOPMENT_TEAM = 3H86HRS574;
				INFOPLIST_FILE = "Marbles-Mac/Resources/Info.plist";
				LD_RUNPATH_SEARCH_PATHS = (
					"$(inherited)",
					"@executable_path/../Frameworks",
				);
				PRODUCT_BUNDLE_IDENTIFIER = "io.cutting.Marbles-Mac";
				PRODUCT_NAME = "$(TARGET_NAME)";
				SWIFT_OPTIMIZATION_LEVEL = "-Onone";
				SWIFT_VERSION = 4.2;
			};
			name = Debug;
		};
		C80E461B216177440029A3A0 /* Release */ = {
			isa = XCBuildConfiguration;
			buildSettings = {
				ASSETCATALOG_COMPILER_APPICON_NAME = AppIcon;
				CLANG_ENABLE_MODULES = YES;
				CODE_SIGN_ENTITLEMENTS = "Marbles-Mac/Resources/Marbles_Mac.entitlements";
				CODE_SIGN_STYLE = Automatic;
				COMBINE_HIDPI_IMAGES = YES;
				DEVELOPMENT_TEAM = 3H86HRS574;
				INFOPLIST_FILE = "Marbles-Mac/Resources/Info.plist";
				LD_RUNPATH_SEARCH_PATHS = (
					"$(inherited)",
					"@executable_path/../Frameworks",
				);
				PRODUCT_BUNDLE_IDENTIFIER = "io.cutting.Marbles-Mac";
				PRODUCT_NAME = "$(TARGET_NAME)";
				SWIFT_VERSION = 4.2;
			};
			name = Release;
		};
		C8673C1F2196557A00EC7CDD /* Debug */ = {
			isa = XCBuildConfiguration;
			buildSettings = {
				ASSETCATALOG_COMPILER_APPICON_NAME = AppIcon;
				CODE_SIGN_IDENTITY = "iPhone Developer";
				CODE_SIGN_STYLE = Automatic;
				DEVELOPMENT_TEAM = 3H86HRS574;
				INFOPLIST_FILE = "Marbles-iOS/Info.plist";
				IPHONEOS_DEPLOYMENT_TARGET = 12.1;
				LD_RUNPATH_SEARCH_PATHS = (
					"$(inherited)",
					"@executable_path/Frameworks",
				);
				PRODUCT_BUNDLE_IDENTIFIER = "io.cutting.Marbles-iOS";
				PRODUCT_NAME = "$(TARGET_NAME)";
				SDKROOT = iphoneos;
				SWIFT_VERSION = 4.2;
				TARGETED_DEVICE_FAMILY = "1,2";
			};
			name = Debug;
		};
		C8673C202196557A00EC7CDD /* Release */ = {
			isa = XCBuildConfiguration;
			buildSettings = {
				ASSETCATALOG_COMPILER_APPICON_NAME = AppIcon;
				CODE_SIGN_IDENTITY = "iPhone Developer";
				CODE_SIGN_STYLE = Automatic;
				DEVELOPMENT_TEAM = 3H86HRS574;
				INFOPLIST_FILE = "Marbles-iOS/Info.plist";
				IPHONEOS_DEPLOYMENT_TARGET = 12.1;
				LD_RUNPATH_SEARCH_PATHS = (
					"$(inherited)",
					"@executable_path/Frameworks",
				);
				PRODUCT_BUNDLE_IDENTIFIER = "io.cutting.Marbles-iOS";
				PRODUCT_NAME = "$(TARGET_NAME)";
				SDKROOT = iphoneos;
				SWIFT_VERSION = 4.2;
				TARGETED_DEVICE_FAMILY = "1,2";
				VALIDATE_PRODUCT = YES;
			};
			name = Release;
		};
/* End XCBuildConfiguration section */

/* Begin XCConfigurationList section */
		C80E4602216177440029A3A0 /* Build configuration list for PBXProject "Marbles-Mac" */ = {
			isa = XCConfigurationList;
			buildConfigurations = (
				C80E4617216177440029A3A0 /* Debug */,
				C80E4618216177440029A3A0 /* Release */,
			);
			defaultConfigurationIsVisible = 0;
			defaultConfigurationName = Release;
		};
		C80E4619216177440029A3A0 /* Build configuration list for PBXNativeTarget "Marbles-Mac" */ = {
			isa = XCConfigurationList;
			buildConfigurations = (
				C80E461A216177440029A3A0 /* Debug */,
				C80E461B216177440029A3A0 /* Release */,
			);
			defaultConfigurationIsVisible = 0;
			defaultConfigurationName = Release;
		};
		C8673C212196557A00EC7CDD /* Build configuration list for PBXNativeTarget "Marbles-iOS" */ = {
			isa = XCConfigurationList;
			buildConfigurations = (
				C8673C1F2196557A00EC7CDD /* Debug */,
				C8673C202196557A00EC7CDD /* Release */,
			);
			defaultConfigurationIsVisible = 0;
			defaultConfigurationName = Release;
		};
/* End XCConfigurationList section */
	};
	rootObject = C80E45FF216177440029A3A0 /* Project object */;
}
